// !$*UTF8*$!
{
	archiveVersion = 1;
	classes = {
	};
	objectVersion = 50;
	objects = {

/* Begin PBXBuildFile section */
		08342DCB24128D6CEFF18FA8 /* Pods_MobiAppsTests.framework in Frameworks */ = {isa = PBXBuildFile; fileRef = B1632E4636DA8DAA4621C680 /* Pods_MobiAppsTests.framework */; };
		8693BFD699E412B674ECA703 /* Pods_MobiApps.framework in Frameworks */ = {isa = PBXBuildFile; fileRef = 7FDD121D836DA7F917650477 /* Pods_MobiApps.framework */; };
		8F5F1B0E215D34300075FC36 /* DetailViewController.swift in Sources */ = {isa = PBXBuildFile; fileRef = 8F5F1B0D215D34300075FC36 /* DetailViewController.swift */; };
		8FBEFCA3215A898D00719EFA /* AppDelegate.swift in Sources */ = {isa = PBXBuildFile; fileRef = 8FBEFCA2215A898D00719EFA /* AppDelegate.swift */; };
		8FBEFCA5215A898D00719EFA /* WeatherListViewController.swift in Sources */ = {isa = PBXBuildFile; fileRef = 8FBEFCA4215A898D00719EFA /* WeatherListViewController.swift */; };
		8FBEFCA8215A898D00719EFA /* Main.storyboard in Resources */ = {isa = PBXBuildFile; fileRef = 8FBEFCA6215A898D00719EFA /* Main.storyboard */; };
		8FBEFCAA215A898E00719EFA /* Assets.xcassets in Resources */ = {isa = PBXBuildFile; fileRef = 8FBEFCA9215A898E00719EFA /* Assets.xcassets */; };
		8FBEFCAD215A898E00719EFA /* LaunchScreen.storyboard in Resources */ = {isa = PBXBuildFile; fileRef = 8FBEFCAB215A898E00719EFA /* LaunchScreen.storyboard */; };
		8FBEFCB8215A898E00719EFA /* MobiAppsTests.swift in Sources */ = {isa = PBXBuildFile; fileRef = 8FBEFCB7215A898E00719EFA /* MobiAppsTests.swift */; };
		8FBEFCC3215A898E00719EFA /* MobiAppsUITests.swift in Sources */ = {isa = PBXBuildFile; fileRef = 8FBEFCC2215A898E00719EFA /* MobiAppsUITests.swift */; };
		8FBEFCD7215A8CB200719EFA /* WeatherService.swift in Sources */ = {isa = PBXBuildFile; fileRef = 8FBEFCD6215A8CB200719EFA /* WeatherService.swift */; };
		8FBEFCD9215A8EBD00719EFA /* Constants.swift in Sources */ = {isa = PBXBuildFile; fileRef = 8FBEFCD8215A8EBD00719EFA /* Constants.swift */; };
		8FBEFCDF215A94FA00719EFA /* Main.swift in Sources */ = {isa = PBXBuildFile; fileRef = 8FBEFCDB215A94FA00719EFA /* Main.swift */; };
		8FBEFCE0215A94FA00719EFA /* WeatherReport.swift in Sources */ = {isa = PBXBuildFile; fileRef = 8FBEFCDC215A94FA00719EFA /* WeatherReport.swift */; };
		8FBEFCE1215A94FA00719EFA /* Weather.swift in Sources */ = {isa = PBXBuildFile; fileRef = 8FBEFCDD215A94FA00719EFA /* Weather.swift */; };
		8FBEFCE2215A94FA00719EFA /* WeatherList.swift in Sources */ = {isa = PBXBuildFile; fileRef = 8FBEFCDE215A94FA00719EFA /* WeatherList.swift */; };
		8FBEFCE4215A974200719EFA /* UIViewControllerExtension.swift in Sources */ = {isa = PBXBuildFile; fileRef = 8FBEFCE3215A974200719EFA /* UIViewControllerExtension.swift */; };
		8FBEFCE9215A9EE900719EFA /* WeatherTableViewCell.swift in Sources */ = {isa = PBXBuildFile; fileRef = 8FBEFCE7215A9EE900719EFA /* WeatherTableViewCell.swift */; };
		8FBEFCEA215A9EE900719EFA /* WeatherTableViewCell.xib in Resources */ = {isa = PBXBuildFile; fileRef = 8FBEFCE8215A9EE900719EFA /* WeatherTableViewCell.xib */; };
		8FBEFCEF215AC2DF00719EFA /* DateExtension.swift in Sources */ = {isa = PBXBuildFile; fileRef = 8FBEFCEE215AC2DF00719EFA /* DateExtension.swift */; };
		9E52BF6A19920987B716CF79 /* Pods_MobiAppsUITests.framework in Frameworks */ = {isa = PBXBuildFile; fileRef = E71048E69D5875E4E7D95C22 /* Pods_MobiAppsUITests.framework */; };
		E292A0BC232C28D600DEBD68 /* WeatherListViewController+UITableView.swift in Sources */ = {isa = PBXBuildFile; fileRef = E292A0BB232C28D600DEBD68 /* WeatherListViewController+UITableView.swift */; };
		E292A0BF232C298300DEBD68 /* WeatherListViewModel.swift in Sources */ = {isa = PBXBuildFile; fileRef = E292A0BE232C298300DEBD68 /* WeatherListViewModel.swift */; };
/* End PBXBuildFile section */

/* Begin PBXContainerItemProxy section */
		8FBEFCB4215A898E00719EFA /* PBXContainerItemProxy */ = {
			isa = PBXContainerItemProxy;
			containerPortal = 8FBEFC97215A898D00719EFA /* Project object */;
			proxyType = 1;
			remoteGlobalIDString = 8FBEFC9E215A898D00719EFA;
			remoteInfo = MobiApps;
		};
		8FBEFCBF215A898E00719EFA /* PBXContainerItemProxy */ = {
			isa = PBXContainerItemProxy;
			containerPortal = 8FBEFC97215A898D00719EFA /* Project object */;
			proxyType = 1;
			remoteGlobalIDString = 8FBEFC9E215A898D00719EFA;
			remoteInfo = MobiApps;
		};
/* End PBXContainerItemProxy section */

/* Begin PBXFileReference section */
		177692DE795AECF328CEE0FF /* Pods-MobiApps.release.xcconfig */ = {isa = PBXFileReference; includeInIndex = 1; lastKnownFileType = text.xcconfig; name = "Pods-MobiApps.release.xcconfig"; path = "Pods/Target Support Files/Pods-MobiApps/Pods-MobiApps.release.xcconfig"; sourceTree = "<group>"; };
		198B2CB21F56A8F781A2125E /* Pods-MobiAppsUITests.debug.xcconfig */ = {isa = PBXFileReference; includeInIndex = 1; lastKnownFileType = text.xcconfig; name = "Pods-MobiAppsUITests.debug.xcconfig"; path = "Pods/Target Support Files/Pods-MobiAppsUITests/Pods-MobiAppsUITests.debug.xcconfig"; sourceTree = "<group>"; };
		425B87C23B6F714B7A4D4DCE /* Pods-MobiApps.debug.xcconfig */ = {isa = PBXFileReference; includeInIndex = 1; lastKnownFileType = text.xcconfig; name = "Pods-MobiApps.debug.xcconfig"; path = "Pods/Target Support Files/Pods-MobiApps/Pods-MobiApps.debug.xcconfig"; sourceTree = "<group>"; };
		4CF8F863ADA41639E9880201 /* Pods-MobiAppsUITests.release.xcconfig */ = {isa = PBXFileReference; includeInIndex = 1; lastKnownFileType = text.xcconfig; name = "Pods-MobiAppsUITests.release.xcconfig"; path = "Pods/Target Support Files/Pods-MobiAppsUITests/Pods-MobiAppsUITests.release.xcconfig"; sourceTree = "<group>"; };
		7AC43A2F5745979F6A268AC8 /* Pods-MobiAppsTests.debug.xcconfig */ = {isa = PBXFileReference; includeInIndex = 1; lastKnownFileType = text.xcconfig; name = "Pods-MobiAppsTests.debug.xcconfig"; path = "Pods/Target Support Files/Pods-MobiAppsTests/Pods-MobiAppsTests.debug.xcconfig"; sourceTree = "<group>"; };
		7FDD121D836DA7F917650477 /* Pods_MobiApps.framework */ = {isa = PBXFileReference; explicitFileType = wrapper.framework; includeInIndex = 0; path = Pods_MobiApps.framework; sourceTree = BUILT_PRODUCTS_DIR; };
		8F5F1B0D215D34300075FC36 /* DetailViewController.swift */ = {isa = PBXFileReference; lastKnownFileType = sourcecode.swift; path = DetailViewController.swift; sourceTree = "<group>"; };
		8FBEFC9F215A898D00719EFA /* MobiApps.app */ = {isa = PBXFileReference; explicitFileType = wrapper.application; includeInIndex = 0; path = MobiApps.app; sourceTree = BUILT_PRODUCTS_DIR; };
		8FBEFCA2215A898D00719EFA /* AppDelegate.swift */ = {isa = PBXFileReference; lastKnownFileType = sourcecode.swift; path = AppDelegate.swift; sourceTree = "<group>"; };
		8FBEFCA4215A898D00719EFA /* WeatherListViewController.swift */ = {isa = PBXFileReference; lastKnownFileType = sourcecode.swift; path = WeatherListViewController.swift; sourceTree = "<group>"; };
		8FBEFCA7215A898D00719EFA /* Base */ = {isa = PBXFileReference; lastKnownFileType = file.storyboard; name = Base; path = Base.lproj/Main.storyboard; sourceTree = "<group>"; };
		8FBEFCA9215A898E00719EFA /* Assets.xcassets */ = {isa = PBXFileReference; lastKnownFileType = folder.assetcatalog; path = Assets.xcassets; sourceTree = "<group>"; };
		8FBEFCAC215A898E00719EFA /* Base */ = {isa = PBXFileReference; lastKnownFileType = file.storyboard; name = Base; path = Base.lproj/LaunchScreen.storyboard; sourceTree = "<group>"; };
		8FBEFCAE215A898E00719EFA /* Info.plist */ = {isa = PBXFileReference; lastKnownFileType = text.plist.xml; path = Info.plist; sourceTree = "<group>"; };
		8FBEFCB3215A898E00719EFA /* MobiAppsTests.xctest */ = {isa = PBXFileReference; explicitFileType = wrapper.cfbundle; includeInIndex = 0; path = MobiAppsTests.xctest; sourceTree = BUILT_PRODUCTS_DIR; };
		8FBEFCB7215A898E00719EFA /* MobiAppsTests.swift */ = {isa = PBXFileReference; lastKnownFileType = sourcecode.swift; path = MobiAppsTests.swift; sourceTree = "<group>"; };
		8FBEFCB9215A898E00719EFA /* Info.plist */ = {isa = PBXFileReference; lastKnownFileType = text.plist.xml; path = Info.plist; sourceTree = "<group>"; };
		8FBEFCBE215A898E00719EFA /* MobiAppsUITests.xctest */ = {isa = PBXFileReference; explicitFileType = wrapper.cfbundle; includeInIndex = 0; path = MobiAppsUITests.xctest; sourceTree = BUILT_PRODUCTS_DIR; };
		8FBEFCC2215A898E00719EFA /* MobiAppsUITests.swift */ = {isa = PBXFileReference; lastKnownFileType = sourcecode.swift; path = MobiAppsUITests.swift; sourceTree = "<group>"; };
		8FBEFCC4215A898E00719EFA /* Info.plist */ = {isa = PBXFileReference; lastKnownFileType = text.plist.xml; path = Info.plist; sourceTree = "<group>"; };
		8FBEFCD6215A8CB200719EFA /* WeatherService.swift */ = {isa = PBXFileReference; lastKnownFileType = sourcecode.swift; path = WeatherService.swift; sourceTree = "<group>"; };
		8FBEFCD8215A8EBD00719EFA /* Constants.swift */ = {isa = PBXFileReference; lastKnownFileType = sourcecode.swift; path = Constants.swift; sourceTree = "<group>"; };
		8FBEFCDB215A94FA00719EFA /* Main.swift */ = {isa = PBXFileReference; fileEncoding = 4; lastKnownFileType = sourcecode.swift; path = Main.swift; sourceTree = "<group>"; };
		8FBEFCDC215A94FA00719EFA /* WeatherReport.swift */ = {isa = PBXFileReference; fileEncoding = 4; lastKnownFileType = sourcecode.swift; path = WeatherReport.swift; sourceTree = "<group>"; };
		8FBEFCDD215A94FA00719EFA /* Weather.swift */ = {isa = PBXFileReference; fileEncoding = 4; lastKnownFileType = sourcecode.swift; path = Weather.swift; sourceTree = "<group>"; };
		8FBEFCDE215A94FA00719EFA /* WeatherList.swift */ = {isa = PBXFileReference; fileEncoding = 4; lastKnownFileType = sourcecode.swift; path = WeatherList.swift; sourceTree = "<group>"; };
		8FBEFCE3215A974200719EFA /* UIViewControllerExtension.swift */ = {isa = PBXFileReference; lastKnownFileType = sourcecode.swift; path = UIViewControllerExtension.swift; sourceTree = "<group>"; };
		8FBEFCE7215A9EE900719EFA /* WeatherTableViewCell.swift */ = {isa = PBXFileReference; lastKnownFileType = sourcecode.swift; path = WeatherTableViewCell.swift; sourceTree = "<group>"; };
		8FBEFCE8215A9EE900719EFA /* WeatherTableViewCell.xib */ = {isa = PBXFileReference; lastKnownFileType = file.xib; path = WeatherTableViewCell.xib; sourceTree = "<group>"; };
		8FBEFCEE215AC2DF00719EFA /* DateExtension.swift */ = {isa = PBXFileReference; lastKnownFileType = sourcecode.swift; path = DateExtension.swift; sourceTree = "<group>"; };
		A3FBF75BF4971B4674AA97B9 /* Pods-MobiAppsTests.release.xcconfig */ = {isa = PBXFileReference; includeInIndex = 1; lastKnownFileType = text.xcconfig; name = "Pods-MobiAppsTests.release.xcconfig"; path = "Pods/Target Support Files/Pods-MobiAppsTests/Pods-MobiAppsTests.release.xcconfig"; sourceTree = "<group>"; };
		B1632E4636DA8DAA4621C680 /* Pods_MobiAppsTests.framework */ = {isa = PBXFileReference; explicitFileType = wrapper.framework; includeInIndex = 0; path = Pods_MobiAppsTests.framework; sourceTree = BUILT_PRODUCTS_DIR; };
		E292A0BB232C28D600DEBD68 /* WeatherListViewController+UITableView.swift */ = {isa = PBXFileReference; lastKnownFileType = sourcecode.swift; path = "WeatherListViewController+UITableView.swift"; sourceTree = "<group>"; };
		E292A0BE232C298300DEBD68 /* WeatherListViewModel.swift */ = {isa = PBXFileReference; lastKnownFileType = sourcecode.swift; path = WeatherListViewModel.swift; sourceTree = "<group>"; };
		E71048E69D5875E4E7D95C22 /* Pods_MobiAppsUITests.framework */ = {isa = PBXFileReference; explicitFileType = wrapper.framework; includeInIndex = 0; path = Pods_MobiAppsUITests.framework; sourceTree = BUILT_PRODUCTS_DIR; };
/* End PBXFileReference section */

/* Begin PBXFrameworksBuildPhase section */
		8FBEFC9C215A898D00719EFA /* Frameworks */ = {
			isa = PBXFrameworksBuildPhase;
			buildActionMask = 2147483647;
			files = (
				8693BFD699E412B674ECA703 /* Pods_MobiApps.framework in Frameworks */,
			);
			runOnlyForDeploymentPostprocessing = 0;
		};
		8FBEFCB0215A898E00719EFA /* Frameworks */ = {
			isa = PBXFrameworksBuildPhase;
			buildActionMask = 2147483647;
			files = (
				08342DCB24128D6CEFF18FA8 /* Pods_MobiAppsTests.framework in Frameworks */,
			);
			runOnlyForDeploymentPostprocessing = 0;
		};
		8FBEFCBB215A898E00719EFA /* Frameworks */ = {
			isa = PBXFrameworksBuildPhase;
			buildActionMask = 2147483647;
			files = (
				9E52BF6A19920987B716CF79 /* Pods_MobiAppsUITests.framework in Frameworks */,
			);
			runOnlyForDeploymentPostprocessing = 0;
		};
/* End PBXFrameworksBuildPhase section */

/* Begin PBXGroup section */
		19EAEC148276A2F2AE2AFDF1 /* Frameworks */ = {
			isa = PBXGroup;
			children = (
				7FDD121D836DA7F917650477 /* Pods_MobiApps.framework */,
				B1632E4636DA8DAA4621C680 /* Pods_MobiAppsTests.framework */,
				E71048E69D5875E4E7D95C22 /* Pods_MobiAppsUITests.framework */,
			);
			name = Frameworks;
			sourceTree = "<group>";
		};
		8FBEFC96215A898D00719EFA = {
			isa = PBXGroup;
			children = (
				8FBEFCA1215A898D00719EFA /* MobiApps */,
				8FBEFCB6215A898E00719EFA /* MobiAppsTests */,
				8FBEFCC1215A898E00719EFA /* MobiAppsUITests */,
				8FBEFCA0215A898D00719EFA /* Products */,
				C6460DB58BFA74148AD3D6C7 /* Pods */,
				19EAEC148276A2F2AE2AFDF1 /* Frameworks */,
			);
			sourceTree = "<group>";
		};
		8FBEFCA0215A898D00719EFA /* Products */ = {
			isa = PBXGroup;
			children = (
				8FBEFC9F215A898D00719EFA /* MobiApps.app */,
				8FBEFCB3215A898E00719EFA /* MobiAppsTests.xctest */,
				8FBEFCBE215A898E00719EFA /* MobiAppsUITests.xctest */,
			);
			name = Products;
			sourceTree = "<group>";
		};
		8FBEFCA1215A898D00719EFA /* MobiApps */ = {
			isa = PBXGroup;
			children = (
				8FBEFCDA215A94C200719EFA /* Entities */,
				8FBEFCD0215A899400719EFA /* Controller */,
				8FBEFCD4215A89B400719EFA /* Service */,
				8FBEFCD3215A89AD00719EFA /* View */,
				8FBEFCD2215A89A700719EFA /* Extension */,
				8FBEFCD1215A899A00719EFA /* Utilities */,
				8FBEFCA2215A898D00719EFA /* AppDelegate.swift */,
				8FBEFCA9215A898E00719EFA /* Assets.xcassets */,
				8FBEFCAE215A898E00719EFA /* Info.plist */,
			);
			path = MobiApps;
			sourceTree = "<group>";
		};
		8FBEFCB6215A898E00719EFA /* MobiAppsTests */ = {
			isa = PBXGroup;
			children = (
				8FBEFCB7215A898E00719EFA /* MobiAppsTests.swift */,
				8FBEFCB9215A898E00719EFA /* Info.plist */,
			);
			path = MobiAppsTests;
			sourceTree = "<group>";
		};
		8FBEFCC1215A898E00719EFA /* MobiAppsUITests */ = {
			isa = PBXGroup;
			children = (
				8FBEFCC2215A898E00719EFA /* MobiAppsUITests.swift */,
				8FBEFCC4215A898E00719EFA /* Info.plist */,
			);
			path = MobiAppsUITests;
			sourceTree = "<group>";
		};
		8FBEFCD0215A899400719EFA /* Controller */ = {
			isa = PBXGroup;
			children = (
				E292A0BD232C296200DEBD68 /* List */,
			);
			path = Controller;
			sourceTree = "<group>";
		};
		8FBEFCD1215A899A00719EFA /* Utilities */ = {
			isa = PBXGroup;
			children = (
				8FBEFCD8215A8EBD00719EFA /* Constants.swift */,
			);
			path = Utilities;
			sourceTree = "<group>";
		};
		8FBEFCD2215A89A700719EFA /* Extension */ = {
			isa = PBXGroup;
			children = (
				8FBEFCE3215A974200719EFA /* UIViewControllerExtension.swift */,
				8FBEFCEE215AC2DF00719EFA /* DateExtension.swift */,
			);
			path = Extension;
			sourceTree = "<group>";
		};
		8FBEFCD3215A89AD00719EFA /* View */ = {
			isa = PBXGroup;
			children = (
				8FBEFCE7215A9EE900719EFA /* WeatherTableViewCell.swift */,
				8FBEFCEB215A9EFF00719EFA /* XIB */,
				8FBEFCA6215A898D00719EFA /* Main.storyboard */,
				8FBEFCAB215A898E00719EFA /* LaunchScreen.storyboard */,
			);
			path = View;
			sourceTree = "<group>";
		};
		8FBEFCD4215A89B400719EFA /* Service */ = {
			isa = PBXGroup;
			children = (
				8FBEFCD6215A8CB200719EFA /* WeatherService.swift */,
			);
			path = Service;
			sourceTree = "<group>";
		};
		8FBEFCDA215A94C200719EFA /* Entities */ = {
			isa = PBXGroup;
			children = (
				8FBEFCDB215A94FA00719EFA /* Main.swift */,
				8FBEFCDD215A94FA00719EFA /* Weather.swift */,
				8FBEFCDE215A94FA00719EFA /* WeatherList.swift */,
				8FBEFCDC215A94FA00719EFA /* WeatherReport.swift */,
			);
			path = Entities;
			sourceTree = "<group>";
		};
		8FBEFCEB215A9EFF00719EFA /* XIB */ = {
			isa = PBXGroup;
			children = (
				8FBEFCE8215A9EE900719EFA /* WeatherTableViewCell.xib */,
			);
			path = XIB;
			sourceTree = "<group>";
		};
		C6460DB58BFA74148AD3D6C7 /* Pods */ = {
			isa = PBXGroup;
			children = (
				425B87C23B6F714B7A4D4DCE /* Pods-MobiApps.debug.xcconfig */,
				177692DE795AECF328CEE0FF /* Pods-MobiApps.release.xcconfig */,
				7AC43A2F5745979F6A268AC8 /* Pods-MobiAppsTests.debug.xcconfig */,
				A3FBF75BF4971B4674AA97B9 /* Pods-MobiAppsTests.release.xcconfig */,
				198B2CB21F56A8F781A2125E /* Pods-MobiAppsUITests.debug.xcconfig */,
				4CF8F863ADA41639E9880201 /* Pods-MobiAppsUITests.release.xcconfig */,
			);
			name = Pods;
			sourceTree = "<group>";
		};
		E292A0BD232C296200DEBD68 /* List */ = {
			isa = PBXGroup;
			children = (
				E2B7FB802347854F0021F596 /* Details */,
				8FBEFCA4215A898D00719EFA /* WeatherListViewController.swift */,
				E292A0BB232C28D600DEBD68 /* WeatherListViewController+UITableView.swift */,
				E292A0BE232C298300DEBD68 /* WeatherListViewModel.swift */,
			);
			path = List;
			sourceTree = "<group>";
		};
		E2B7FB802347854F0021F596 /* Details */ = {
			isa = PBXGroup;
			children = (
				8F5F1B0D215D34300075FC36 /* DetailViewController.swift */,
			);
			path = Details;
			sourceTree = "<group>";
		};
/* End PBXGroup section */

/* Begin PBXNativeTarget section */
		8FBEFC9E215A898D00719EFA /* MobiApps */ = {
			isa = PBXNativeTarget;
			buildConfigurationList = 8FBEFCC7215A898E00719EFA /* Build configuration list for PBXNativeTarget "MobiApps" */;
			buildPhases = (
				0EDA47452D2739DD66BF9677 /* [CP] Check Pods Manifest.lock */,
				8FBEFCD5215A8AB800719EFA /* SwiftLint */,
				8FBEFC9B215A898D00719EFA /* Sources */,
				8FBEFC9C215A898D00719EFA /* Frameworks */,
				8FBEFC9D215A898D00719EFA /* Resources */,
				1717452DED9CFB1BC40965CF /* [CP] Embed Pods Frameworks */,
			);
			buildRules = (
			);
			dependencies = (
			);
			name = MobiApps;
			productName = MobiApps;
			productReference = 8FBEFC9F215A898D00719EFA /* MobiApps.app */;
			productType = "com.apple.product-type.application";
		};
		8FBEFCB2215A898E00719EFA /* MobiAppsTests */ = {
			isa = PBXNativeTarget;
			buildConfigurationList = 8FBEFCCA215A898E00719EFA /* Build configuration list for PBXNativeTarget "MobiAppsTests" */;
			buildPhases = (
				3F17E125F5A917CA19D90416 /* [CP] Check Pods Manifest.lock */,
				8FBEFCAF215A898E00719EFA /* Sources */,
				8FBEFCB0215A898E00719EFA /* Frameworks */,
				8FBEFCB1215A898E00719EFA /* Resources */,
			);
			buildRules = (
			);
			dependencies = (
				8FBEFCB5215A898E00719EFA /* PBXTargetDependency */,
			);
			name = MobiAppsTests;
			productName = MobiAppsTests;
			productReference = 8FBEFCB3215A898E00719EFA /* MobiAppsTests.xctest */;
			productType = "com.apple.product-type.bundle.unit-test";
		};
		8FBEFCBD215A898E00719EFA /* MobiAppsUITests */ = {
			isa = PBXNativeTarget;
			buildConfigurationList = 8FBEFCCD215A898E00719EFA /* Build configuration list for PBXNativeTarget "MobiAppsUITests" */;
			buildPhases = (
				BD8E2A6905A64F5664D2F308 /* [CP] Check Pods Manifest.lock */,
				8FBEFCBA215A898E00719EFA /* Sources */,
				8FBEFCBB215A898E00719EFA /* Frameworks */,
				8FBEFCBC215A898E00719EFA /* Resources */,
			);
			buildRules = (
			);
			dependencies = (
				8FBEFCC0215A898E00719EFA /* PBXTargetDependency */,
			);
			name = MobiAppsUITests;
			productName = MobiAppsUITests;
			productReference = 8FBEFCBE215A898E00719EFA /* MobiAppsUITests.xctest */;
			productType = "com.apple.product-type.bundle.ui-testing";
		};
/* End PBXNativeTarget section */

/* Begin PBXProject section */
		8FBEFC97215A898D00719EFA /* Project object */ = {
			isa = PBXProject;
			attributes = {
				LastSwiftUpdateCheck = 1000;
				LastUpgradeCheck = 1000;
				ORGANIZATIONNAME = Pierre;
				TargetAttributes = {
					8FBEFC9E215A898D00719EFA = {
						CreatedOnToolsVersion = 10.0;
					};
					8FBEFCB2215A898E00719EFA = {
						CreatedOnToolsVersion = 10.0;
						TestTargetID = 8FBEFC9E215A898D00719EFA;
					};
					8FBEFCBD215A898E00719EFA = {
						CreatedOnToolsVersion = 10.0;
						TestTargetID = 8FBEFC9E215A898D00719EFA;
					};
				};
			};
			buildConfigurationList = 8FBEFC9A215A898D00719EFA /* Build configuration list for PBXProject "MobiApps" */;
			compatibilityVersion = "Xcode 9.3";
			developmentRegion = en;
			hasScannedForEncodings = 0;
			knownRegions = (
				en,
				Base,
			);
			mainGroup = 8FBEFC96215A898D00719EFA;
			productRefGroup = 8FBEFCA0215A898D00719EFA /* Products */;
			projectDirPath = "";
			projectRoot = "";
			targets = (
				8FBEFC9E215A898D00719EFA /* MobiApps */,
				8FBEFCB2215A898E00719EFA /* MobiAppsTests */,
				8FBEFCBD215A898E00719EFA /* MobiAppsUITests */,
			);
		};
/* End PBXProject section */

/* Begin PBXResourcesBuildPhase section */
		8FBEFC9D215A898D00719EFA /* Resources */ = {
			isa = PBXResourcesBuildPhase;
			buildActionMask = 2147483647;
			files = (
				8FBEFCEA215A9EE900719EFA /* WeatherTableViewCell.xib in Resources */,
				8FBEFCAD215A898E00719EFA /* LaunchScreen.storyboard in Resources */,
				8FBEFCAA215A898E00719EFA /* Assets.xcassets in Resources */,
				8FBEFCA8215A898D00719EFA /* Main.storyboard in Resources */,
			);
			runOnlyForDeploymentPostprocessing = 0;
		};
		8FBEFCB1215A898E00719EFA /* Resources */ = {
			isa = PBXResourcesBuildPhase;
			buildActionMask = 2147483647;
			files = (
			);
			runOnlyForDeploymentPostprocessing = 0;
		};
		8FBEFCBC215A898E00719EFA /* Resources */ = {
			isa = PBXResourcesBuildPhase;
			buildActionMask = 2147483647;
			files = (
			);
			runOnlyForDeploymentPostprocessing = 0;
		};
/* End PBXResourcesBuildPhase section */

/* Begin PBXShellScriptBuildPhase section */
		0EDA47452D2739DD66BF9677 /* [CP] Check Pods Manifest.lock */ = {
			isa = PBXShellScriptBuildPhase;
			buildActionMask = 2147483647;
			files = (
			);
			inputFileListPaths = (
			);
			inputPaths = (
				"${PODS_PODFILE_DIR_PATH}/Podfile.lock",
				"${PODS_ROOT}/Manifest.lock",
			);
			name = "[CP] Check Pods Manifest.lock";
			outputFileListPaths = (
			);
			outputPaths = (
				"$(DERIVED_FILE_DIR)/Pods-MobiApps-checkManifestLockResult.txt",
			);
			runOnlyForDeploymentPostprocessing = 0;
			shellPath = /bin/sh;
			shellScript = "diff \"${PODS_PODFILE_DIR_PATH}/Podfile.lock\" \"${PODS_ROOT}/Manifest.lock\" > /dev/null\nif [ $? != 0 ] ; then\n    # print error to STDERR\n    echo \"error: The sandbox is not in sync with the Podfile.lock. Run 'pod install' or update your CocoaPods installation.\" >&2\n    exit 1\nfi\n# This output is used by Xcode 'outputs' to avoid re-running this script phase.\necho \"SUCCESS\" > \"${SCRIPT_OUTPUT_FILE_0}\"\n";
			showEnvVarsInLog = 0;
		};
		1717452DED9CFB1BC40965CF /* [CP] Embed Pods Frameworks */ = {
			isa = PBXShellScriptBuildPhase;
			buildActionMask = 2147483647;
			files = (
			);
			inputFileListPaths = (
				"${PODS_ROOT}/Target Support Files/Pods-MobiApps/Pods-MobiApps-frameworks-${CONFIGURATION}-input-files.xcfilelist",
			);
			name = "[CP] Embed Pods Frameworks";
			outputFileListPaths = (
				"${PODS_ROOT}/Target Support Files/Pods-MobiApps/Pods-MobiApps-frameworks-${CONFIGURATION}-output-files.xcfilelist",
			);
			runOnlyForDeploymentPostprocessing = 0;
			shellPath = /bin/sh;
			shellScript = "\"${PODS_ROOT}/Target Support Files/Pods-MobiApps/Pods-MobiApps-frameworks.sh\"\n";
			showEnvVarsInLog = 0;
		};
		3F17E125F5A917CA19D90416 /* [CP] Check Pods Manifest.lock */ = {
			isa = PBXShellScriptBuildPhase;
			buildActionMask = 2147483647;
			files = (
			);
			inputFileListPaths = (
			);
			inputPaths = (
				"${PODS_PODFILE_DIR_PATH}/Podfile.lock",
				"${PODS_ROOT}/Manifest.lock",
			);
			name = "[CP] Check Pods Manifest.lock";
			outputFileListPaths = (
			);
			outputPaths = (
				"$(DERIVED_FILE_DIR)/Pods-MobiAppsTests-checkManifestLockResult.txt",
			);
			runOnlyForDeploymentPostprocessing = 0;
			shellPath = /bin/sh;
			shellScript = "diff \"${PODS_PODFILE_DIR_PATH}/Podfile.lock\" \"${PODS_ROOT}/Manifest.lock\" > /dev/null\nif [ $? != 0 ] ; then\n    # print error to STDERR\n    echo \"error: The sandbox is not in sync with the Podfile.lock. Run 'pod install' or update your CocoaPods installation.\" >&2\n    exit 1\nfi\n# This output is used by Xcode 'outputs' to avoid re-running this script phase.\necho \"SUCCESS\" > \"${SCRIPT_OUTPUT_FILE_0}\"\n";
			showEnvVarsInLog = 0;
		};
		8FBEFCD5215A8AB800719EFA /* SwiftLint */ = {
			isa = PBXShellScriptBuildPhase;
			buildActionMask = 2147483647;
			files = (
			);
			inputFileListPaths = (
			);
			inputPaths = (
			);
			name = SwiftLint;
			outputFileListPaths = (
			);
			outputPaths = (
			);
			runOnlyForDeploymentPostprocessing = 0;
			shellPath = /bin/sh;
			shellScript = "\"${PODS_ROOT}/SwiftLint/swiftlint\"\n";
		};
		BD8E2A6905A64F5664D2F308 /* [CP] Check Pods Manifest.lock */ = {
			isa = PBXShellScriptBuildPhase;
			buildActionMask = 2147483647;
			files = (
			);
			inputFileListPaths = (
			);
			inputPaths = (
				"${PODS_PODFILE_DIR_PATH}/Podfile.lock",
				"${PODS_ROOT}/Manifest.lock",
			);
			name = "[CP] Check Pods Manifest.lock";
			outputFileListPaths = (
			);
			outputPaths = (
				"$(DERIVED_FILE_DIR)/Pods-MobiAppsUITests-checkManifestLockResult.txt",
			);
			runOnlyForDeploymentPostprocessing = 0;
			shellPath = /bin/sh;
			shellScript = "diff \"${PODS_PODFILE_DIR_PATH}/Podfile.lock\" \"${PODS_ROOT}/Manifest.lock\" > /dev/null\nif [ $? != 0 ] ; then\n    # print error to STDERR\n    echo \"error: The sandbox is not in sync with the Podfile.lock. Run 'pod install' or update your CocoaPods installation.\" >&2\n    exit 1\nfi\n# This output is used by Xcode 'outputs' to avoid re-running this script phase.\necho \"SUCCESS\" > \"${SCRIPT_OUTPUT_FILE_0}\"\n";
			showEnvVarsInLog = 0;
		};
/* End PBXShellScriptBuildPhase section */

/* Begin PBXSourcesBuildPhase section */
		8FBEFC9B215A898D00719EFA /* Sources */ = {
			isa = PBXSourcesBuildPhase;
			buildActionMask = 2147483647;
			files = (
				8FBEFCE9215A9EE900719EFA /* WeatherTableViewCell.swift in Sources */,
				8FBEFCE2215A94FA00719EFA /* WeatherList.swift in Sources */,
				8FBEFCE0215A94FA00719EFA /* WeatherReport.swift in Sources */,
				E292A0BF232C298300DEBD68 /* WeatherListViewModel.swift in Sources */,
				E292A0BC232C28D600DEBD68 /* WeatherListViewController+UITableView.swift in Sources */,
				8F5F1B0E215D34300075FC36 /* DetailViewController.swift in Sources */,
				8FBEFCE4215A974200719EFA /* UIViewControllerExtension.swift in Sources */,
				8FBEFCDF215A94FA00719EFA /* Main.swift in Sources */,
				8FBEFCA5215A898D00719EFA /* WeatherListViewController.swift in Sources */,
				8FBEFCEF215AC2DF00719EFA /* DateExtension.swift in Sources */,
				8FBEFCD7215A8CB200719EFA /* WeatherService.swift in Sources */,
				8FBEFCA3215A898D00719EFA /* AppDelegate.swift in Sources */,
				8FBEFCD9215A8EBD00719EFA /* Constants.swift in Sources */,
				8FBEFCE1215A94FA00719EFA /* Weather.swift in Sources */,
			);
			runOnlyForDeploymentPostprocessing = 0;
		};
		8FBEFCAF215A898E00719EFA /* Sources */ = {
			isa = PBXSourcesBuildPhase;
			buildActionMask = 2147483647;
			files = (
				8FBEFCB8215A898E00719EFA /* MobiAppsTests.swift in Sources */,
			);
			runOnlyForDeploymentPostprocessing = 0;
		};
		8FBEFCBA215A898E00719EFA /* Sources */ = {
			isa = PBXSourcesBuildPhase;
			buildActionMask = 2147483647;
			files = (
				8FBEFCC3215A898E00719EFA /* MobiAppsUITests.swift in Sources */,
			);
			runOnlyForDeploymentPostprocessing = 0;
		};
/* End PBXSourcesBuildPhase section */

/* Begin PBXTargetDependency section */
		8FBEFCB5215A898E00719EFA /* PBXTargetDependency */ = {
			isa = PBXTargetDependency;
			target = 8FBEFC9E215A898D00719EFA /* MobiApps */;
			targetProxy = 8FBEFCB4215A898E00719EFA /* PBXContainerItemProxy */;
		};
		8FBEFCC0215A898E00719EFA /* PBXTargetDependency */ = {
			isa = PBXTargetDependency;
			target = 8FBEFC9E215A898D00719EFA /* MobiApps */;
			targetProxy = 8FBEFCBF215A898E00719EFA /* PBXContainerItemProxy */;
		};
/* End PBXTargetDependency section */

/* Begin PBXVariantGroup section */
		8FBEFCA6215A898D00719EFA /* Main.storyboard */ = {
			isa = PBXVariantGroup;
			children = (
				8FBEFCA7215A898D00719EFA /* Base */,
			);
			name = Main.storyboard;
			sourceTree = "<group>";
		};
		8FBEFCAB215A898E00719EFA /* LaunchScreen.storyboard */ = {
			isa = PBXVariantGroup;
			children = (
				8FBEFCAC215A898E00719EFA /* Base */,
			);
			name = LaunchScreen.storyboard;
			sourceTree = "<group>";
		};
/* End PBXVariantGroup section */

/* Begin XCBuildConfiguration section */
		8FBEFCC5215A898E00719EFA /* Debug */ = {
			isa = XCBuildConfiguration;
			buildSettings = {
				ALWAYS_SEARCH_USER_PATHS = NO;
				CLANG_ANALYZER_NONNULL = YES;
				CLANG_ANALYZER_NUMBER_OBJECT_CONVERSION = YES_AGGRESSIVE;
				CLANG_CXX_LANGUAGE_STANDARD = "gnu++14";
				CLANG_CXX_LIBRARY = "libc++";
				CLANG_ENABLE_MODULES = YES;
				CLANG_ENABLE_OBJC_ARC = YES;
				CLANG_ENABLE_OBJC_WEAK = YES;
				CLANG_WARN_BLOCK_CAPTURE_AUTORELEASING = YES;
				CLANG_WARN_BOOL_CONVERSION = YES;
				CLANG_WARN_COMMA = YES;
				CLANG_WARN_CONSTANT_CONVERSION = YES;
				CLANG_WARN_DEPRECATED_OBJC_IMPLEMENTATIONS = YES;
				CLANG_WARN_DIRECT_OBJC_ISA_USAGE = YES_ERROR;
				CLANG_WARN_DOCUMENTATION_COMMENTS = YES;
				CLANG_WARN_EMPTY_BODY = YES;
				CLANG_WARN_ENUM_CONVERSION = YES;
				CLANG_WARN_INFINITE_RECURSION = YES;
				CLANG_WARN_INT_CONVERSION = YES;
				CLANG_WARN_NON_LITERAL_NULL_CONVERSION = YES;
				CLANG_WARN_OBJC_IMPLICIT_RETAIN_SELF = YES;
				CLANG_WARN_OBJC_LITERAL_CONVERSION = YES;
				CLANG_WARN_OBJC_ROOT_CLASS = YES_ERROR;
				CLANG_WARN_RANGE_LOOP_ANALYSIS = YES;
				CLANG_WARN_STRICT_PROTOTYPES = YES;
				CLANG_WARN_SUSPICIOUS_MOVE = YES;
				CLANG_WARN_UNGUARDED_AVAILABILITY = YES_AGGRESSIVE;
				CLANG_WARN_UNREACHABLE_CODE = YES;
				CLANG_WARN__DUPLICATE_METHOD_MATCH = YES;
				CODE_SIGN_IDENTITY = "iPhone Developer";
				COPY_PHASE_STRIP = NO;
				DEBUG_INFORMATION_FORMAT = dwarf;
				ENABLE_STRICT_OBJC_MSGSEND = YES;
				ENABLE_TESTABILITY = YES;
				GCC_C_LANGUAGE_STANDARD = gnu11;
				GCC_DYNAMIC_NO_PIC = NO;
				GCC_NO_COMMON_BLOCKS = YES;
				GCC_OPTIMIZATION_LEVEL = 0;
				GCC_PREPROCESSOR_DEFINITIONS = (
					"DEBUG=1",
					"$(inherited)",
				);
				GCC_WARN_64_TO_32_BIT_CONVERSION = YES;
				GCC_WARN_ABOUT_RETURN_TYPE = YES_ERROR;
				GCC_WARN_UNDECLARED_SELECTOR = YES;
				GCC_WARN_UNINITIALIZED_AUTOS = YES_AGGRESSIVE;
				GCC_WARN_UNUSED_FUNCTION = YES;
				GCC_WARN_UNUSED_VARIABLE = YES;
				IPHONEOS_DEPLOYMENT_TARGET = 12.0;
				MTL_ENABLE_DEBUG_INFO = INCLUDE_SOURCE;
				MTL_FAST_MATH = YES;
				ONLY_ACTIVE_ARCH = YES;
				SDKROOT = iphoneos;
				SWIFT_ACTIVE_COMPILATION_CONDITIONS = DEBUG;
				SWIFT_OPTIMIZATION_LEVEL = "-Onone";
			};
			name = Debug;
		};
		8FBEFCC6215A898E00719EFA /* Release */ = {
			isa = XCBuildConfiguration;
			buildSettings = {
				ALWAYS_SEARCH_USER_PATHS = NO;
				CLANG_ANALYZER_NONNULL = YES;
				CLANG_ANALYZER_NUMBER_OBJECT_CONVERSION = YES_AGGRESSIVE;
				CLANG_CXX_LANGUAGE_STANDARD = "gnu++14";
				CLANG_CXX_LIBRARY = "libc++";
				CLANG_ENABLE_MODULES = YES;
				CLANG_ENABLE_OBJC_ARC = YES;
				CLANG_ENABLE_OBJC_WEAK = YES;
				CLANG_WARN_BLOCK_CAPTURE_AUTORELEASING = YES;
				CLANG_WARN_BOOL_CONVERSION = YES;
				CLANG_WARN_COMMA = YES;
				CLANG_WARN_CONSTANT_CONVERSION = YES;
				CLANG_WARN_DEPRECATED_OBJC_IMPLEMENTATIONS = YES;
				CLANG_WARN_DIRECT_OBJC_ISA_USAGE = YES_ERROR;
				CLANG_WARN_DOCUMENTATION_COMMENTS = YES;
				CLANG_WARN_EMPTY_BODY = YES;
				CLANG_WARN_ENUM_CONVERSION = YES;
				CLANG_WARN_INFINITE_RECURSION = YES;
				CLANG_WARN_INT_CONVERSION = YES;
				CLANG_WARN_NON_LITERAL_NULL_CONVERSION = YES;
				CLANG_WARN_OBJC_IMPLICIT_RETAIN_SELF = YES;
				CLANG_WARN_OBJC_LITERAL_CONVERSION = YES;
				CLANG_WARN_OBJC_ROOT_CLASS = YES_ERROR;
				CLANG_WARN_RANGE_LOOP_ANALYSIS = YES;
				CLANG_WARN_STRICT_PROTOTYPES = YES;
				CLANG_WARN_SUSPICIOUS_MOVE = YES;
				CLANG_WARN_UNGUARDED_AVAILABILITY = YES_AGGRESSIVE;
				CLANG_WARN_UNREACHABLE_CODE = YES;
				CLANG_WARN__DUPLICATE_METHOD_MATCH = YES;
				CODE_SIGN_IDENTITY = "iPhone Developer";
				COPY_PHASE_STRIP = NO;
				DEBUG_INFORMATION_FORMAT = "dwarf-with-dsym";
				ENABLE_NS_ASSERTIONS = NO;
				ENABLE_STRICT_OBJC_MSGSEND = YES;
				GCC_C_LANGUAGE_STANDARD = gnu11;
				GCC_NO_COMMON_BLOCKS = YES;
				GCC_WARN_64_TO_32_BIT_CONVERSION = YES;
				GCC_WARN_ABOUT_RETURN_TYPE = YES_ERROR;
				GCC_WARN_UNDECLARED_SELECTOR = YES;
				GCC_WARN_UNINITIALIZED_AUTOS = YES_AGGRESSIVE;
				GCC_WARN_UNUSED_FUNCTION = YES;
				GCC_WARN_UNUSED_VARIABLE = YES;
				IPHONEOS_DEPLOYMENT_TARGET = 12.0;
				MTL_ENABLE_DEBUG_INFO = NO;
				MTL_FAST_MATH = YES;
				SDKROOT = iphoneos;
				SWIFT_COMPILATION_MODE = wholemodule;
				SWIFT_OPTIMIZATION_LEVEL = "-O";
				VALIDATE_PRODUCT = YES;
			};
			name = Release;
		};
		8FBEFCC8215A898E00719EFA /* Debug */ = {
			isa = XCBuildConfiguration;
			baseConfigurationReference = 425B87C23B6F714B7A4D4DCE /* Pods-MobiApps.debug.xcconfig */;
			buildSettings = {
				ASSETCATALOG_COMPILER_APPICON_NAME = AppIcon;
				CODE_SIGN_STYLE = Automatic;
				DEVELOPMENT_TEAM = XL6X7NGQBC;
				INFOPLIST_FILE = MobiApps/Info.plist;
				LD_RUNPATH_SEARCH_PATHS = (
					"$(inherited)",
					"@executable_path/Frameworks",
				);
				PRODUCT_BUNDLE_IDENTIFIER = com.pierre.MobiApps;
				PRODUCT_NAME = "$(TARGET_NAME)";
				SWIFT_VERSION = 4.2;
				TARGETED_DEVICE_FAMILY = "1,2";
			};
			name = Debug;
		};
		8FBEFCC9215A898E00719EFA /* Release */ = {
			isa = XCBuildConfiguration;
			baseConfigurationReference = 177692DE795AECF328CEE0FF /* Pods-MobiApps.release.xcconfig */;
			buildSettings = {
				ASSETCATALOG_COMPILER_APPICON_NAME = AppIcon;
				CODE_SIGN_STYLE = Automatic;
				DEVELOPMENT_TEAM = XL6X7NGQBC;
				INFOPLIST_FILE = MobiApps/Info.plist;
				LD_RUNPATH_SEARCH_PATHS = (
					"$(inherited)",
					"@executable_path/Frameworks",
				);
				PRODUCT_BUNDLE_IDENTIFIER = com.pierre.MobiApps;
				PRODUCT_NAME = "$(TARGET_NAME)";
				SWIFT_VERSION = 4.2;
				TARGETED_DEVICE_FAMILY = "1,2";
			};
			name = Release;
		};
		8FBEFCCB215A898E00719EFA /* Debug */ = {
			isa = XCBuildConfiguration;
			baseConfigurationReference = 7AC43A2F5745979F6A268AC8 /* Pods-MobiAppsTests.debug.xcconfig */;
			buildSettings = {
				ALWAYS_EMBED_SWIFT_STANDARD_LIBRARIES = YES;
				BUNDLE_LOADER = "$(TEST_HOST)";
				CODE_SIGN_STYLE = Automatic;
				DEVELOPMENT_TEAM = XL6X7NGQBC;
				INFOPLIST_FILE = MobiAppsTests/Info.plist;
				LD_RUNPATH_SEARCH_PATHS = (
					"$(inherited)",
					"@executable_path/Frameworks",
					"@loader_path/Frameworks",
				);
				PRODUCT_BUNDLE_IDENTIFIER = com.pierre.MobiAppsTests;
				PRODUCT_NAME = "$(TARGET_NAME)";
				SWIFT_VERSION = 4.2;
				TARGETED_DEVICE_FAMILY = "1,2";
				TEST_HOST = "$(BUILT_PRODUCTS_DIR)/MobiApps.app/MobiApps";
			};
			name = Debug;
		};
		8FBEFCCC215A898E00719EFA /* Release */ = {
			isa = XCBuildConfiguration;
			baseConfigurationReference = A3FBF75BF4971B4674AA97B9 /* Pods-MobiAppsTests.release.xcconfig */;
			buildSettings = {
				ALWAYS_EMBED_SWIFT_STANDARD_LIBRARIES = YES;
				BUNDLE_LOADER = "$(TEST_HOST)";
				CODE_SIGN_STYLE = Automatic;
				DEVELOPMENT_TEAM = XL6X7NGQBC;
				INFOPLIST_FILE = MobiAppsTests/Info.plist;
				LD_RUNPATH_SEARCH_PATHS = (
					"$(inherited)",
					"@executable_path/Frameworks",
					"@loader_path/Frameworks",
				);
				PRODUCT_BUNDLE_IDENTIFIER = com.pierre.MobiAppsTests;
				PRODUCT_NAME = "$(TARGET_NAME)";
				SWIFT_VERSION = 4.2;
				TARGETED_DEVICE_FAMILY = "1,2";
				TEST_HOST = "$(BUILT_PRODUCTS_DIR)/MobiApps.app/MobiApps";
			};
			name = Release;
		};
		8FBEFCCE215A898E00719EFA /* Debug */ = {
			isa = XCBuildConfiguration;
			baseConfigurationReference = 198B2CB21F56A8F781A2125E /* Pods-MobiAppsUITests.debug.xcconfig */;
			buildSettings = {
				ALWAYS_EMBED_SWIFT_STANDARD_LIBRARIES = YES;
				CODE_SIGN_STYLE = Automatic;
				DEVELOPMENT_TEAM = XL6X7NGQBC;
				INFOPLIST_FILE = MobiAppsUITests/Info.plist;
				LD_RUNPATH_SEARCH_PATHS = (
					"$(inherited)",
					"@executable_path/Frameworks",
					"@loader_path/Frameworks",
				);
				PRODUCT_BUNDLE_IDENTIFIER = com.pierre.MobiAppsUITests;
				PRODUCT_NAME = "$(TARGET_NAME)";
				SWIFT_VERSION = 4.2;
				TARGETED_DEVICE_FAMILY = "1,2";
				TEST_TARGET_NAME = MobiApps;
			};
			name = Debug;
		};
		8FBEFCCF215A898E00719EFA /* Release */ = {
			isa = XCBuildConfiguration;
			baseConfigurationReference = 4CF8F863ADA41639E9880201 /* Pods-MobiAppsUITests.release.xcconfig */;
			buildSettings = {
				ALWAYS_EMBED_SWIFT_STANDARD_LIBRARIES = YES;
				CODE_SIGN_STYLE = Automatic;
				DEVELOPMENT_TEAM = XL6X7NGQBC;
				INFOPLIST_FILE = MobiAppsUITests/Info.plist;
				LD_RUNPATH_SEARCH_PATHS = (
					"$(inherited)",
					"@executable_path/Frameworks",
					"@loader_path/Frameworks",
				);
				PRODUCT_BUNDLE_IDENTIFIER = com.pierre.MobiAppsUITests;
				PRODUCT_NAME = "$(TARGET_NAME)";
				SWIFT_VERSION = 4.2;
				TARGETED_DEVICE_FAMILY = "1,2";
				TEST_TARGET_NAME = MobiApps;
			};
			name = Release;
		};
/* End XCBuildConfiguration section */

/* Begin XCConfigurationList section */
		8FBEFC9A215A898D00719EFA /* Build configuration list for PBXProject "MobiApps" */ = {
			isa = XCConfigurationList;
			buildConfigurations = (
				8FBEFCC5215A898E00719EFA /* Debug */,
				8FBEFCC6215A898E00719EFA /* Release */,
			);
			defaultConfigurationIsVisible = 0;
			defaultConfigurationName = Release;
		};
		8FBEFCC7215A898E00719EFA /* Build configuration list for PBXNativeTarget "MobiApps" */ = {
			isa = XCConfigurationList;
			buildConfigurations = (
				8FBEFCC8215A898E00719EFA /* Debug */,
				8FBEFCC9215A898E00719EFA /* Release */,
			);
			defaultConfigurationIsVisible = 0;
			defaultConfigurationName = Release;
		};
		8FBEFCCA215A898E00719EFA /* Build configuration list for PBXNativeTarget "MobiAppsTests" */ = {
			isa = XCConfigurationList;
			buildConfigurations = (
				8FBEFCCB215A898E00719EFA /* Debug */,
				8FBEFCCC215A898E00719EFA /* Release */,
			);
			defaultConfigurationIsVisible = 0;
			defaultConfigurationName = Release;
		};
		8FBEFCCD215A898E00719EFA /* Build configuration list for PBXNativeTarget "MobiAppsUITests" */ = {
			isa = XCConfigurationList;
			buildConfigurations = (
				8FBEFCCE215A898E00719EFA /* Debug */,
				8FBEFCCF215A898E00719EFA /* Release */,
			);
			defaultConfigurationIsVisible = 0;
			defaultConfigurationName = Release;
		};
/* End XCConfigurationList section */
	};
	rootObject = 8FBEFC97215A898D00719EFA /* Project object */;
}
